// !$*UTF8*$!
{
	archiveVersion = 1;
	classes = {
	};
	objectVersion = 50;
	objects = {

/* Begin PBXBuildFile section */
		C55371DD24D3744200211645 /* Extention.swift in Sources */ = {isa = PBXBuildFile; fileRef = C55371DC24D3744200211645 /* Extention.swift */; };
		C5F3849424B969FF007D88FE /* AppDelegate.swift in Sources */ = {isa = PBXBuildFile; fileRef = C5F3849324B969FF007D88FE /* AppDelegate.swift */; };
		C5F3849624B969FF007D88FE /* SceneDelegate.swift in Sources */ = {isa = PBXBuildFile; fileRef = C5F3849524B969FF007D88FE /* SceneDelegate.swift */; };
		C5F3849B24B969FF007D88FE /* Main.storyboard in Resources */ = {isa = PBXBuildFile; fileRef = C5F3849924B969FF007D88FE /* Main.storyboard */; };
		C5F3849D24B96A02007D88FE /* Assets.xcassets in Resources */ = {isa = PBXBuildFile; fileRef = C5F3849C24B96A02007D88FE /* Assets.xcassets */; };
		C5F384A024B96A02007D88FE /* LaunchScreen.storyboard in Resources */ = {isa = PBXBuildFile; fileRef = C5F3849E24B96A02007D88FE /* LaunchScreen.storyboard */; };
		C5F384AD24B96A5A007D88FE /* LoginController.swift in Sources */ = {isa = PBXBuildFile; fileRef = C5F384AC24B96A5A007D88FE /* LoginController.swift */; };
		C5F384AF24BA9777007D88FE /* Extensions.swift in Sources */ = {isa = PBXBuildFile; fileRef = C5F384AE24BA9777007D88FE /* Extensions.swift */; };
/* End PBXBuildFile section */

/* Begin PBXFileReference section */
		C55371DC24D3744200211645 /* Extention.swift */ = {isa = PBXFileReference; lastKnownFileType = sourcecode.swift; path = Extention.swift; sourceTree = "<group>"; };
		C5F3849024B969FF007D88FE /* UberLike.app */ = {isa = PBXFileReference; explicitFileType = wrapper.application; includeInIndex = 0; path = UberLike.app; sourceTree = BUILT_PRODUCTS_DIR; };
		C5F3849324B969FF007D88FE /* AppDelegate.swift */ = {isa = PBXFileReference; lastKnownFileType = sourcecode.swift; path = AppDelegate.swift; sourceTree = "<group>"; };
		C5F3849524B969FF007D88FE /* SceneDelegate.swift */ = {isa = PBXFileReference; lastKnownFileType = sourcecode.swift; path = SceneDelegate.swift; sourceTree = "<group>"; };
		C5F3849A24B969FF007D88FE /* Base */ = {isa = PBXFileReference; lastKnownFileType = file.storyboard; name = Base; path = Base.lproj/Main.storyboard; sourceTree = "<group>"; };
		C5F3849C24B96A02007D88FE /* Assets.xcassets */ = {isa = PBXFileReference; lastKnownFileType = folder.assetcatalog; path = Assets.xcassets; sourceTree = "<group>"; };
		C5F3849F24B96A02007D88FE /* Base */ = {isa = PBXFileReference; lastKnownFileType = file.storyboard; name = Base; path = Base.lproj/LaunchScreen.storyboard; sourceTree = "<group>"; };
		C5F384A124B96A02007D88FE /* Info.plist */ = {isa = PBXFileReference; lastKnownFileType = text.plist.xml; path = Info.plist; sourceTree = "<group>"; };
		C5F384AC24B96A5A007D88FE /* LoginController.swift */ = {isa = PBXFileReference; lastKnownFileType = sourcecode.swift; path = LoginController.swift; sourceTree = "<group>"; };
		C5F384AE24BA9777007D88FE /* Extensions.swift */ = {isa = PBXFileReference; lastKnownFileType = sourcecode.swift; path = Extensions.swift; sourceTree = "<group>"; };
/* End PBXFileReference section */

/* Begin PBXFrameworksBuildPhase section */
		C5F3848D24B969FF007D88FE /* Frameworks */ = {
			isa = PBXFrameworksBuildPhase;
			buildActionMask = 2147483647;
			files = (
			);
			runOnlyForDeploymentPostprocessing = 0;
		};
/* End PBXFrameworksBuildPhase section */

/* Begin PBXGroup section */
		C5F3848724B969FF007D88FE = {
			isa = PBXGroup;
			children = (
				C5F3849224B969FF007D88FE /* UberLike */,
				C5F3849124B969FF007D88FE /* Products */,
			);
			sourceTree = "<group>";
		};
		C5F3849124B969FF007D88FE /* Products */ = {
			isa = PBXGroup;
			children = (
				C5F3849024B969FF007D88FE /* UberLike.app */,
			);
			name = Products;
			sourceTree = "<group>";
		};
		C5F3849224B969FF007D88FE /* UberLike */ = {
			isa = PBXGroup;
			children = (
				C5F384AB24B96A1E007D88FE /* Model */,
				C5F384AA24B96A1C007D88FE /* View */,
				C5F384A924B96A17007D88FE /* Controller */,
				C5F384A824B96A15007D88FE /* Service */,
				C5F384A724B96A12007D88FE /* Utills */,
				C5F3849324B969FF007D88FE /* AppDelegate.swift */,
				C5F3849524B969FF007D88FE /* SceneDelegate.swift */,
				C5F3849924B969FF007D88FE /* Main.storyboard */,
				C5F3849C24B96A02007D88FE /* Assets.xcassets */,
				C5F3849E24B96A02007D88FE /* LaunchScreen.storyboard */,
				C5F384A124B96A02007D88FE /* Info.plist */,
			);
			path = UberLike;
			sourceTree = "<group>";
		};
		C5F384A724B96A12007D88FE /* Utills */ = {
			isa = PBXGroup;
			children = (
				C5F384AE24BA9777007D88FE /* Extensions.swift */,
			);
			path = Utills;
			sourceTree = "<group>";
		};
		C5F384A824B96A15007D88FE /* Service */ = {
			isa = PBXGroup;
			children = (
			);
			path = Service;
			sourceTree = "<group>";
		};
		C5F384A924B96A17007D88FE /* Controller */ = {
			isa = PBXGroup;
			children = (
				C5F384AC24B96A5A007D88FE /* LoginController.swift */,
			);
			path = Controller;
			sourceTree = "<group>";
		};
		C5F384AA24B96A1C007D88FE /* View */ = {
			isa = PBXGroup;
			children = (
				C55371DC24D3744200211645 /* Extention.swift */,
			);
			path = View;
			sourceTree = "<group>";
		};
		C5F384AB24B96A1E007D88FE /* Model */ = {
			isa = PBXGroup;
			children = (
			);
			path = Model;
			sourceTree = "<group>";
		};
/* End PBXGroup section */

/* Begin PBXNativeTarget section */
		C5F3848F24B969FF007D88FE /* UberLike */ = {
			isa = PBXNativeTarget;
			buildConfigurationList = C5F384A424B96A02007D88FE /* Build configuration list for PBXNativeTarget "UberLike" */;
			buildPhases = (
				C5F3848C24B969FF007D88FE /* Sources */,
				C5F3848D24B969FF007D88FE /* Frameworks */,
				C5F3848E24B969FF007D88FE /* Resources */,
			);
			buildRules = (
			);
			dependencies = (
			);
			name = UberLike;
			productName = UberLike;
			productReference = C5F3849024B969FF007D88FE /* UberLike.app */;
			productType = "com.apple.product-type.application";
		};
/* End PBXNativeTarget section */

/* Begin PBXProject section */
		C5F3848824B969FF007D88FE /* Project object */ = {
			isa = PBXProject;
			attributes = {
				LastSwiftUpdateCheck = 1150;
				LastUpgradeCheck = 1150;
				ORGANIZATIONNAME = "Adila Abudureheman";
				TargetAttributes = {
					C5F3848F24B969FF007D88FE = {
						CreatedOnToolsVersion = 11.5;
					};
				};
			};
			buildConfigurationList = C5F3848B24B969FF007D88FE /* Build configuration list for PBXProject "UberLike" */;
			compatibilityVersion = "Xcode 9.3";
			developmentRegion = en;
			hasScannedForEncodings = 0;
			knownRegions = (
				en,
				Base,
			);
			mainGroup = C5F3848724B969FF007D88FE;
			productRefGroup = C5F3849124B969FF007D88FE /* Products */;
			projectDirPath = "";
			projectRoot = "";
			targets = (
				C5F3848F24B969FF007D88FE /* UberLike */,
			);
		};
/* End PBXProject section */

/* Begin PBXResourcesBuildPhase section */
		C5F3848E24B969FF007D88FE /* Resources */ = {
			isa = PBXResourcesBuildPhase;
			buildActionMask = 2147483647;
			files = (
				C5F384A024B96A02007D88FE /* LaunchScreen.storyboard in Resources */,
				C5F3849D24B96A02007D88FE /* Assets.xcassets in Resources */,
				C5F3849B24B969FF007D88FE /* Main.storyboard in Resources */,
			);
			runOnlyForDeploymentPostprocessing = 0;
		};
/* End PBXResourcesBuildPhase section */

/* Begin PBXSourcesBuildPhase section */
		C5F3848C24B969FF007D88FE /* Sources */ = {
			isa = PBXSourcesBuildPhase;
			buildActionMask = 2147483647;
			files = (
				C5F384AD24B96A5A007D88FE /* LoginController.swift in Sources */,
				C5F3849424B969FF007D88FE /* AppDelegate.swift in Sources */,
				C5F3849624B969FF007D88FE /* SceneDelegate.swift in Sources */,
				C5F384AF24BA9777007D88FE /* Extensions.swift in Sources */,
				C55371DD24D3744200211645 /* Extention.swift in Sources */,
			);
			runOnlyForDeploymentPostprocessing = 0;
		};
/* End PBXSourcesBuildPhase section */

/* Begin PBXVariantGroup section */
		C5F3849924B969FF007D88FE /* Main.storyboard */ = {
			isa = PBXVariantGroup;
			children = (
				C5F3849A24B969FF007D88FE /* Base */,
			);
			name = Main.storyboard;
			sourceTree = "<group>";
		};
		C5F3849E24B96A02007D88FE /* LaunchScreen.storyboard */ = {
			isa = PBXVariantGroup;
			children = (
				C5F3849F24B96A02007D88FE /* Base */,
			);
			name = LaunchScreen.storyboard;
			sourceTree = "<group>";
		};
/* End PBXVariantGroup section */

/* Begin XCBuildConfiguration section */
		C5F384A224B96A02007D88FE /* Debug */ = {
			isa = XCBuildConfiguration;
			buildSettings = {
				ALWAYS_SEARCH_USER_PATHS = NO;
				CLANG_ANALYZER_NONNULL = YES;
				CLANG_ANALYZER_NUMBER_OBJECT_CONVERSION = YES_AGGRESSIVE;
				CLANG_CXX_LANGUAGE_STANDARD = "gnu++14";
				CLANG_CXX_LIBRARY = "libc++";
				CLANG_ENABLE_MODULES = YES;
				CLANG_ENABLE_OBJC_ARC = YES;
				CLANG_ENABLE_OBJC_WEAK = YES;
				CLANG_WARN_BLOCK_CAPTURE_AUTORELEASING = YES;
				CLANG_WARN_BOOL_CONVERSION = YES;
				CLANG_WARN_COMMA = YES;
				CLANG_WARN_CONSTANT_CONVERSION = YES;
				CLANG_WARN_DEPRECATED_OBJC_IMPLEMENTATIONS = YES;
				CLANG_WARN_DIRECT_OBJC_ISA_USAGE = YES_ERROR;
				CLANG_WARN_DOCUMENTATION_COMMENTS = YES;
				CLANG_WARN_EMPTY_BODY = YES;
				CLANG_WARN_ENUM_CONVERSION = YES;
				CLANG_WARN_INFINITE_RECURSION = YES;
				CLANG_WARN_INT_CONVERSION = YES;
				CLANG_WARN_NON_LITERAL_NULL_CONVERSION = YES;
				CLANG_WARN_OBJC_IMPLICIT_RETAIN_SELF = YES;
				CLANG_WARN_OBJC_LITERAL_CONVERSION = YES;
				CLANG_WARN_OBJC_ROOT_CLASS = YES_ERROR;
				CLANG_WARN_RANGE_LOOP_ANALYSIS = YES;
				CLANG_WARN_STRICT_PROTOTYPES = YES;
				CLANG_WARN_SUSPICIOUS_MOVE = YES;
				CLANG_WARN_UNGUARDED_AVAILABILITY = YES_AGGRESSIVE;
				CLANG_WARN_UNREACHABLE_CODE = YES;
				CLANG_WARN__DUPLICATE_METHOD_MATCH = YES;
				COPY_PHASE_STRIP = NO;
				DEBUG_INFORMATION_FORMAT = dwarf;
				ENABLE_STRICT_OBJC_MSGSEND = YES;
				ENABLE_TESTABILITY = YES;
				GCC_C_LANGUAGE_STANDARD = gnu11;
				GCC_DYNAMIC_NO_PIC = NO;
				GCC_NO_COMMON_BLOCKS = YES;
				GCC_OPTIMIZATION_LEVEL = 0;
				GCC_PREPROCESSOR_DEFINITIONS = (
					"DEBUG=1",
					"$(inherited)",
				);
				GCC_WARN_64_TO_32_BIT_CONVERSION = YES;
				GCC_WARN_ABOUT_RETURN_TYPE = YES_ERROR;
				GCC_WARN_UNDECLARED_SELECTOR = YES;
				GCC_WARN_UNINITIALIZED_AUTOS = YES_AGGRESSIVE;
				GCC_WARN_UNUSED_FUNCTION = YES;
				GCC_WARN_UNUSED_VARIABLE = YES;
				IPHONEOS_DEPLOYMENT_TARGET = 13.5;
				MTL_ENABLE_DEBUG_INFO = INCLUDE_SOURCE;
				MTL_FAST_MATH = YES;
				ONLY_ACTIVE_ARCH = YES;
				SDKROOT = iphoneos;
				SWIFT_ACTIVE_COMPILATION_CONDITIONS = DEBUG;
				SWIFT_OPTIMIZATION_LEVEL = "-Onone";
			};
			name = Debug;
		};
		C5F384A324B96A02007D88FE /* Release */ = {
			isa = XCBuildConfiguration;
			buildSettings = {
				ALWAYS_SEARCH_USER_PATHS = NO;
				CLANG_ANALYZER_NONNULL = YES;
				CLANG_ANALYZER_NUMBER_OBJECT_CONVERSION = YES_AGGRESSIVE;
				CLANG_CXX_LANGUAGE_STANDARD = "gnu++14";
				CLANG_CXX_LIBRARY = "libc++";
				CLANG_ENABLE_MODULES = YES;
				CLANG_ENABLE_OBJC_ARC = YES;
				CLANG_ENABLE_OBJC_WEAK = YES;
				CLANG_WARN_BLOCK_CAPTURE_AUTORELEASING = YES;
				CLANG_WARN_BOOL_CONVERSION = YES;
				CLANG_WARN_COMMA = YES;
				CLANG_WARN_CONSTANT_CONVERSION = YES;
				CLANG_WARN_DEPRECATED_OBJC_IMPLEMENTATIONS = YES;
				CLANG_WARN_DIRECT_OBJC_ISA_USAGE = YES_ERROR;
				CLANG_WARN_DOCUMENTATION_COMMENTS = YES;
				CLANG_WARN_EMPTY_BODY = YES;
				CLANG_WARN_ENUM_CONVERSION = YES;
				CLANG_WARN_INFINITE_RECURSION = YES;
				CLANG_WARN_INT_CONVERSION = YES;
				CLANG_WARN_NON_LITERAL_NULL_CONVERSION = YES;
				CLANG_WARN_OBJC_IMPLICIT_RETAIN_SELF = YES;
				CLANG_WARN_OBJC_LITERAL_CONVERSION = YES;
				CLANG_WARN_OBJC_ROOT_CLASS = YES_ERROR;
				CLANG_WARN_RANGE_LOOP_ANALYSIS = YES;
				CLANG_WARN_STRICT_PROTOTYPES = YES;
				CLANG_WARN_SUSPICIOUS_MOVE = YES;
				CLANG_WARN_UNGUARDED_AVAILABILITY = YES_AGGRESSIVE;
				CLANG_WARN_UNREACHABLE_CODE = YES;
				CLANG_WARN__DUPLICATE_METHOD_MATCH = YES;
				COPY_PHASE_STRIP = NO;
				DEBUG_INFORMATION_FORMAT = "dwarf-with-dsym";
				ENABLE_NS_ASSERTIONS = NO;
				ENABLE_STRICT_OBJC_MSGSEND = YES;
				GCC_C_LANGUAGE_STANDARD = gnu11;
				GCC_NO_COMMON_BLOCKS = YES;
				GCC_WARN_64_TO_32_BIT_CONVERSION = YES;
				GCC_WARN_ABOUT_RETURN_TYPE = YES_ERROR;
				GCC_WARN_UNDECLARED_SELECTOR = YES;
				GCC_WARN_UNINITIALIZED_AUTOS = YES_AGGRESSIVE;
				GCC_WARN_UNUSED_FUNCTION = YES;
				GCC_WARN_UNUSED_VARIABLE = YES;
				IPHONEOS_DEPLOYMENT_TARGET = 13.5;
				MTL_ENABLE_DEBUG_INFO = NO;
				MTL_FAST_MATH = YES;
				SDKROOT = iphoneos;
				SWIFT_COMPILATION_MODE = wholemodule;
				SWIFT_OPTIMIZATION_LEVEL = "-O";
				VALIDATE_PRODUCT = YES;
			};
			name = Release;
		};
		C5F384A524B96A02007D88FE /* Debug */ = {
			isa = XCBuildConfiguration;
			buildSettings = {
				ASSETCATALOG_COMPILER_APPICON_NAME = AppIcon;
				CODE_SIGN_STYLE = Automatic;
				DEVELOPMENT_TEAM = 6H6P74M82Q;
				INFOPLIST_FILE = UberLike/Info.plist;
				LD_RUNPATH_SEARCH_PATHS = (
					"$(inherited)",
					"@executable_path/Frameworks",
				);
				PRODUCT_BUNDLE_IDENTIFIER = com.ucdavis.cs.UberLike;
				PRODUCT_NAME = "$(TARGET_NAME)";
				SWIFT_VERSION = 5.0;
				TARGETED_DEVICE_FAMILY = "1,2";
			};
			name = Debug;
		};
		C5F384A624B96A02007D88FE /* Release */ = {
			isa = XCBuildConfiguration;
			buildSettings = {
				ASSETCATALOG_COMPILER_APPICON_NAME = AppIcon;
				CODE_SIGN_STYLE = Automatic;
				DEVELOPMENT_TEAM = 6H6P74M82Q;
				INFOPLIST_FILE = UberLike/Info.plist;
				LD_RUNPATH_SEARCH_PATHS = (
					"$(inherited)",
					"@executable_path/Frameworks",
				);
				PRODUCT_BUNDLE_IDENTIFIER = com.ucdavis.cs.UberLike;
				PRODUCT_NAME = "$(TARGET_NAME)";
				SWIFT_VERSION = 5.0;
				TARGETED_DEVICE_FAMILY = "1,2";
			};
			name = Release;
		};
/* End XCBuildConfiguration section */

/* Begin XCConfigurationList section */
		C5F3848B24B969FF007D88FE /* Build configuration list for PBXProject "UberLike" */ = {
			isa = XCConfigurationList;
			buildConfigurations = (
				C5F384A224B96A02007D88FE /* Debug */,
				C5F384A324B96A02007D88FE /* Release */,
			);
			defaultConfigurationIsVisible = 0;
			defaultConfigurationName = Release;
		};
		C5F384A424B96A02007D88FE /* Build configuration list for PBXNativeTarget "UberLike" */ = {
			isa = XCConfigurationList;
			buildConfigurations = (
				C5F384A524B96A02007D88FE /* Debug */,
				C5F384A624B96A02007D88FE /* Release */,
			);
			defaultConfigurationIsVisible = 0;
			defaultConfigurationName = Release;
		};
/* End XCConfigurationList section */
	};
	rootObject = C5F3848824B969FF007D88FE /* Project object */;
}
